
Microsoft Visual Studio Solution File, Format Version 12.00
# Visual Studio Version 17
VisualStudioVersion = 17.4.33110.190
MinimumVisualStudioVersion = 10.0.40219.1
Project("{9A19103F-16F7-4668-BE54-9A1E7A4F7556}") = "ToDoManagerTelegramBot", "ToDoManagerTelegramBot\ToDoManagerTelegramBot.csproj", "{357C585D-158F-4AA7-BE16-239C164F11B8}"
EndProject
Project("{9A19103F-16F7-4668-BE54-9A1E7A4F7556}") = "ToDoManagerTelegramBotTests", "App Tests\ToDoManagerTelegramBotTests.csproj", "{87437AA5-C2C4-4872-A54F-CA5AF3E2814E}"
EndProject
Global
	GlobalSection(SolutionConfigurationPlatforms) = preSolution
		Debug|Any CPU = Debug|Any CPU
		Release|Any CPU = Release|Any CPU
	EndGlobalSection
	GlobalSection(ProjectConfigurationPlatforms) = postSolution
		{357C585D-158F-4AA7-BE16-239C164F11B8}.Debug|Any CPU.ActiveCfg = Debug|Any CPU
		{357C585D-158F-4AA7-BE16-239C164F11B8}.Debug|Any CPU.Build.0 = Debug|Any CPU
		{357C585D-158F-4AA7-BE16-239C164F11B8}.Release|Any CPU.ActiveCfg = Release|Any CPU
		{357C585D-158F-4AA7-BE16-239C164F11B8}.Release|Any CPU.Build.0 = Release|Any CPU
		{87437AA5-C2C4-4872-A54F-CA5AF3E2814E}.Debug|Any CPU.ActiveCfg = Debug|Any CPU
		{87437AA5-C2C4-4872-A54F-CA5AF3E2814E}.Debug|Any CPU.Build.0 = Debug|Any CPU
		{87437AA5-C2C4-4872-A54F-CA5AF3E2814E}.Release|Any CPU.ActiveCfg = Release|Any CPU
		{87437AA5-C2C4-4872-A54F-CA5AF3E2814E}.Release|Any CPU.Build.0 = Release|Any CPU
	EndGlobalSection
	GlobalSection(SolutionProperties) = preSolution
		HideSolutionNode = FALSE
	EndGlobalSection
	GlobalSection(ExtensibilityGlobals) = postSolution
		SolutionGuid = {5C8B4382-BBAC-4E81-98FD-C8B8281B4A86}
	EndGlobalSection
EndGlobal
